
Microsoft Visual Studio Solution File, Format Version 12.00
# Visual Studio 2012
Project("{FAE04EC0-301F-11D3-BF4B-00C04F79EFBC}") = "NBZGM.PLE.LawCom", "NBZGM.PLE.LawCom\NBZGM.PLE.LawCom.csproj", "{DFCAFEDF-741B-42FB-B760-466364C0D195}"
	ProjectSection(ProjectDependencies) = postProject
		{4DBF9C3D-BECC-480A-948B-2B320D8401BB} = {4DBF9C3D-BECC-480A-948B-2B320D8401BB}
	EndProjectSection
EndProject
Project("{FAE04EC0-301F-11D3-BF4B-00C04F79EFBC}") = "NBZGM.PLE.LawCom.Web", "NBZGM.PLE.LawCom.Web\NBZGM.PLE.LawCom.Web.csproj", "{4DBF9C3D-BECC-480A-948B-2B320D8401BB}"
EndProject
Global
	GlobalSection(SolutionConfigurationPlatforms) = preSolution
		Debug|Any CPU = Debug|Any CPU
		Release|Any CPU = Release|Any CPU
	EndGlobalSection
	GlobalSection(ProjectConfigurationPlatforms) = postSolution
		{DFCAFEDF-741B-42FB-B760-466364C0D195}.Debug|Any CPU.ActiveCfg = Debug|Any CPU
		{DFCAFEDF-741B-42FB-B760-466364C0D195}.Debug|Any CPU.Build.0 = Debug|Any CPU
		{DFCAFEDF-741B-42FB-B760-466364C0D195}.Release|Any CPU.ActiveCfg = Release|Any CPU
		{DFCAFEDF-741B-42FB-B760-466364C0D195}.Release|Any CPU.Build.0 = Release|Any CPU
		{4DBF9C3D-BECC-480A-948B-2B320D8401BB}.Debug|Any CPU.ActiveCfg = Debug|Any CPU
		{4DBF9C3D-BECC-480A-948B-2B320D8401BB}.Debug|Any CPU.Build.0 = Debug|Any CPU
		{4DBF9C3D-BECC-480A-948B-2B320D8401BB}.Release|Any CPU.ActiveCfg = Release|Any CPU
		{4DBF9C3D-BECC-480A-948B-2B320D8401BB}.Release|Any CPU.Build.0 = Release|Any CPU
	EndGlobalSection
	GlobalSection(SolutionProperties) = preSolution
		HideSolutionNode = FALSE
	EndGlobalSection
EndGlobal
