
Microsoft Visual Studio Solution File, Format Version 12.00
# Visual Studio 2012
Project("{FAE04EC0-301F-11D3-BF4B-00C04F79EFBC}") = "ZGM.WUA", "ZGM.WUA\ZGM.WUA.csproj", "{8CC3073B-E6B0-4AB2-B9E8-2A971EA4EF05}"
	ProjectSection(ProjectDependencies) = postProject
		{3076342A-C1F4-42B5-B5CF-ECBDD95C43B0} = {3076342A-C1F4-42B5-B5CF-ECBDD95C43B0}
		{6CAB4A8C-3B23-4BDF-9F49-4A425480C81D} = {6CAB4A8C-3B23-4BDF-9F49-4A425480C81D}
		{6CE20F96-788D-4BEB-ACAC-A168C4CC05AA} = {6CE20F96-788D-4BEB-ACAC-A168C4CC05AA}
	EndProjectSection
EndProject
Project("{FAE04EC0-301F-11D3-BF4B-00C04F79EFBC}") = "ZGM.WUA.Web", "ZGM.WUA.Web\ZGM.WUA.Web.csproj", "{3076342A-C1F4-42B5-B5CF-ECBDD95C43B0}"
EndProject
Project("{FAE04EC0-301F-11D3-BF4B-00C04F79EFBC}") = "DAL", "ZGM.WUA.DAL\DAL.csproj", "{604BF31D-0229-4074-97E4-E82CB71B3841}"
EndProject
Project("{FAE04EC0-301F-11D3-BF4B-00C04F79EFBC}") = "BLL", "ZGM.WUA.BLL\BLL.csproj", "{6CAB4A8C-3B23-4BDF-9F49-4A425480C81D}"
EndProject
Project("{FAE04EC0-301F-11D3-BF4B-00C04F79EFBC}") = "ConceptualModel", "ZGM.WUA.ConceptualModel\ConceptualModel.csproj", "{6CE20F96-788D-4BEB-ACAC-A168C4CC05AA}"
EndProject
Project("{FAE04EC0-301F-11D3-BF4B-00C04F79EFBC}") = "WebAPI", "ZGM.WUA.WebAPI\WebAPI.csproj", "{A5A195EF-72C1-426B-8813-03C83322C139}"
	ProjectSection(ProjectDependencies) = postProject
		{DAE6ED08-1A13-404A-83E2-56029D740C81} = {DAE6ED08-1A13-404A-83E2-56029D740C81}
	EndProjectSection
EndProject
Project("{2150E333-8FDC-42A3-9474-1A3956D46DE8}") = "MP", "MP", "{5CED75FC-BC51-4DD1-9A36-6D53E7451114}"
EndProject
Project("{F088123C-0E9E-452A-89E6-6BA2F21D5CAC}") = "ModelingProject1", "ModelingProject1\ModelingProject1.modelproj", "{4FADCF5B-1D4E-47B5-8B5B-45C315B21A09}"
EndProject
Project("{FAE04EC0-301F-11D3-BF4B-00C04F79EFBC}") = "UpdateAPP", "UpdateAPP\UpdateAPP.csproj", "{C8C15A45-FC3B-46E9-88AF-6096854E8B29}"
EndProject
Project("{FAE04EC0-301F-11D3-BF4B-00C04F79EFBC}") = "ServerPush", "ServerPush\ServerPush.csproj", "{DAE6ED08-1A13-404A-83E2-56029D740C81}"
EndProject
Global
	GlobalSection(TeamFoundationVersionControl) = preSolution
		SccNumberOfProjects = 10
		SccEnterpriseProvider = {4CA58AB2-18FA-4F8D-95D4-32DDF27D184C}
		SccTeamFoundationServer = http://218.108.93.246:8080/tfs/year2015
		SccLocalPath0 = .
		SccProjectUniqueName1 = ZGM.WUA.Web\\ZGM.WUA.Web.csproj
		SccProjectName1 = ZGM.WUA.Web
		SccLocalPath1 = ZGM.WUA.Web
		SccProjectUniqueName2 = ZGM.WUA\\ZGM.WUA.csproj
		SccProjectName2 = ZGM.WUA
		SccLocalPath2 = ZGM.WUA
		SccProjectUniqueName3 = ZGM.WUA.DAL\\DAL.csproj
		SccProjectName3 = ZGM.WUA.DAL
		SccLocalPath3 = ZGM.WUA.DAL
		SccProjectUniqueName4 = ZGM.WUA.BLL\\BLL.csproj
		SccProjectName4 = ZGM.WUA.BLL
		SccLocalPath4 = ZGM.WUA.BLL
		SccProjectUniqueName5 = ZGM.WUA.ConceptualModel\\ConceptualModel.csproj
		SccProjectName5 = ZGM.WUA.ConceptualModel
		SccLocalPath5 = ZGM.WUA.ConceptualModel
		SccProjectUniqueName6 = ZGM.WUA.WebAPI\\WebAPI.csproj
		SccProjectName6 = ZGM.WUA.WebAPI
		SccLocalPath6 = ZGM.WUA.WebAPI
		SccProjectUniqueName7 = ModelingProject1\\ModelingProject1.modelproj
		SccProjectTopLevelParentUniqueName7 = ZGM.WUA.sln
		SccProjectName7 = ModelingProject1
		SccLocalPath7 = ModelingProject1
		SccProjectUniqueName8 = UpdateAPP\\UpdateAPP.csproj
		SccProjectName8 = UpdateAPP
		SccLocalPath8 = UpdateAPP
		SccProjectUniqueName9 = ServerPush\\ServerPush.csproj
		SccProjectName9 = ServerPush
		SccLocalPath9 = ServerPush
	EndGlobalSection
	GlobalSection(SolutionConfigurationPlatforms) = preSolution
		Debug|Any CPU = Debug|Any CPU
		Release|Any CPU = Release|Any CPU
	EndGlobalSection
	GlobalSection(ProjectConfigurationPlatforms) = postSolution
		{8CC3073B-E6B0-4AB2-B9E8-2A971EA4EF05}.Debug|Any CPU.ActiveCfg = Debug|Any CPU
		{8CC3073B-E6B0-4AB2-B9E8-2A971EA4EF05}.Debug|Any CPU.Build.0 = Debug|Any CPU
		{8CC3073B-E6B0-4AB2-B9E8-2A971EA4EF05}.Release|Any CPU.ActiveCfg = Release|Any CPU
		{8CC3073B-E6B0-4AB2-B9E8-2A971EA4EF05}.Release|Any CPU.Build.0 = Release|Any CPU
		{3076342A-C1F4-42B5-B5CF-ECBDD95C43B0}.Debug|Any CPU.ActiveCfg = Debug|Any CPU
		{3076342A-C1F4-42B5-B5CF-ECBDD95C43B0}.Debug|Any CPU.Build.0 = Debug|Any CPU
		{3076342A-C1F4-42B5-B5CF-ECBDD95C43B0}.Release|Any CPU.ActiveCfg = Release|Any CPU
		{3076342A-C1F4-42B5-B5CF-ECBDD95C43B0}.Release|Any CPU.Build.0 = Release|Any CPU
		{604BF31D-0229-4074-97E4-E82CB71B3841}.Debug|Any CPU.ActiveCfg = Debug|Any CPU
		{604BF31D-0229-4074-97E4-E82CB71B3841}.Debug|Any CPU.Build.0 = Debug|Any CPU
		{604BF31D-0229-4074-97E4-E82CB71B3841}.Release|Any CPU.ActiveCfg = Release|Any CPU
		{604BF31D-0229-4074-97E4-E82CB71B3841}.Release|Any CPU.Build.0 = Release|Any CPU
		{6CAB4A8C-3B23-4BDF-9F49-4A425480C81D}.Debug|Any CPU.ActiveCfg = Debug|Any CPU
		{6CAB4A8C-3B23-4BDF-9F49-4A425480C81D}.Debug|Any CPU.Build.0 = Debug|Any CPU
		{6CAB4A8C-3B23-4BDF-9F49-4A425480C81D}.Release|Any CPU.ActiveCfg = Release|Any CPU
		{6CAB4A8C-3B23-4BDF-9F49-4A425480C81D}.Release|Any CPU.Build.0 = Release|Any CPU
		{6CE20F96-788D-4BEB-ACAC-A168C4CC05AA}.Debug|Any CPU.ActiveCfg = Debug|Any CPU
		{6CE20F96-788D-4BEB-ACAC-A168C4CC05AA}.Debug|Any CPU.Build.0 = Debug|Any CPU
		{6CE20F96-788D-4BEB-ACAC-A168C4CC05AA}.Release|Any CPU.ActiveCfg = Release|Any CPU
		{6CE20F96-788D-4BEB-ACAC-A168C4CC05AA}.Release|Any CPU.Build.0 = Release|Any CPU
		{A5A195EF-72C1-426B-8813-03C83322C139}.Debug|Any CPU.ActiveCfg = Debug|Any CPU
		{A5A195EF-72C1-426B-8813-03C83322C139}.Debug|Any CPU.Build.0 = Debug|Any CPU
		{A5A195EF-72C1-426B-8813-03C83322C139}.Release|Any CPU.ActiveCfg = Release|Any CPU
		{A5A195EF-72C1-426B-8813-03C83322C139}.Release|Any CPU.Build.0 = Release|Any CPU
		{4FADCF5B-1D4E-47B5-8B5B-45C315B21A09}.Debug|Any CPU.ActiveCfg = Debug|Any CPU
		{4FADCF5B-1D4E-47B5-8B5B-45C315B21A09}.Debug|Any CPU.Build.0 = Debug|Any CPU
		{4FADCF5B-1D4E-47B5-8B5B-45C315B21A09}.Release|Any CPU.ActiveCfg = Release|Any CPU
		{4FADCF5B-1D4E-47B5-8B5B-45C315B21A09}.Release|Any CPU.Build.0 = Release|Any CPU
		{C8C15A45-FC3B-46E9-88AF-6096854E8B29}.Debug|Any CPU.ActiveCfg = Debug|Any CPU
		{C8C15A45-FC3B-46E9-88AF-6096854E8B29}.Debug|Any CPU.Build.0 = Debug|Any CPU
		{C8C15A45-FC3B-46E9-88AF-6096854E8B29}.Release|Any CPU.ActiveCfg = Release|Any CPU
		{C8C15A45-FC3B-46E9-88AF-6096854E8B29}.Release|Any CPU.Build.0 = Release|Any CPU
		{DAE6ED08-1A13-404A-83E2-56029D740C81}.Debug|Any CPU.ActiveCfg = Debug|Any CPU
		{DAE6ED08-1A13-404A-83E2-56029D740C81}.Debug|Any CPU.Build.0 = Debug|Any CPU
		{DAE6ED08-1A13-404A-83E2-56029D740C81}.Release|Any CPU.ActiveCfg = Release|Any CPU
		{DAE6ED08-1A13-404A-83E2-56029D740C81}.Release|Any CPU.Build.0 = Release|Any CPU
	EndGlobalSection
	GlobalSection(SolutionProperties) = preSolution
		HideSolutionNode = FALSE
	EndGlobalSection
	GlobalSection(NestedProjects) = preSolution
		{4FADCF5B-1D4E-47B5-8B5B-45C315B21A09} = {5CED75FC-BC51-4DD1-9A36-6D53E7451114}
	EndGlobalSection
EndGlobal
