
Microsoft Visual Studio Solution File, Format Version 12.00
# Visual Studio 2012
Project("{FAE04EC0-301F-11D3-BF4B-00C04F79EFBC}") = "Web", "Web\Web.csproj", "{5F45E8A3-8885-4FF3-9F5E-96CE45DD291F}"
EndProject
Project("{2150E333-8FDC-42A3-9474-1A3956D46DE8}") = "library", "library", "{0CF15589-0DDD-456F-BF67-29159988A40B}"
EndProject
Project("{FAE04EC0-301F-11D3-BF4B-00C04F79EFBC}") = "Common", "Common\Common.csproj", "{827931F3-5A55-4179-8A3E-A5C05A6F8C8A}"
EndProject
Project("{FAE04EC0-301F-11D3-BF4B-00C04F79EFBC}") = "Model", "Model\Model.csproj", "{99294BED-FA03-4680-952A-7868CC107BA1}"
EndProject
Project("{2150E333-8FDC-42A3-9474-1A3956D46DE8}") = "Components", "Components", "{D7288134-5EBC-415D-9C98-B23B7E79CBB2}"
EndProject
Project("{FAE04EC0-301F-11D3-BF4B-00C04F79EFBC}") = "SendSMS", "SendSMS\SendSMS.csproj", "{F5BADC5D-B81C-4D95-8C9A-486BBC9FE446}"
EndProject
Project("{FAE04EC0-301F-11D3-BF4B-00C04F79EFBC}") = "WorkflowLib", "Workflow\WorkflowLib.csproj", "{8FB0F270-8700-4DE0-9446-09320E99A156}"
EndProject
Project("{FAE04EC0-301F-11D3-BF4B-00C04F79EFBC}") = "MapCom", "MapCom\MapCom.csproj", "{D54DB37E-FB98-4FC1-BC76-14BD83FC6F7C}"
EndProject
Project("{FAE04EC0-301F-11D3-BF4B-00C04F79EFBC}") = "WebService", "WebService\WebService.csproj", "{B3166275-2FA2-40BF-BA39-7987FF6C0A79}"
EndProject
Project("{FAE04EC0-301F-11D3-BF4B-00C04F79EFBC}") = "BLL", "BLL\BLL.csproj", "{9DB77984-864B-4D8B-8449-63D19800BFFC}"
EndProject
Project("{FAE04EC0-301F-11D3-BF4B-00C04F79EFBC}") = "ConsoleSingInManager", "ConsoleSingInManager\ConsoleSingInManager.csproj", "{898BD8FB-33FB-4620-8A05-52A52AF92025}"
EndProject
Global
	GlobalSection(TeamFoundationVersionControl) = preSolution
		SccNumberOfProjects = 8
		SccEnterpriseProvider = {4CA58AB2-18FA-4F8D-95D4-32DDF27D184C}
		SccTeamFoundationServer = http://218.108.93.246:8080/tfs/year2015
		SccProjectUniqueName0 = Model\\Model.csproj
		SccProjectTopLevelParentUniqueName0 = NBZGM.PLE.sln
		SccProjectName0 = Model
		SccAuxPath0 = http://218.108.93.246:8080/tfs/year2015
		SccLocalPath0 = Model
		SccProvider0 = {4CA58AB2-18FA-4F8D-95D4-32DDF27D184C}
		SccProjectUniqueName1 = Common\\Common.csproj
		SccProjectTopLevelParentUniqueName1 = NBZGM.PLE.sln
		SccProjectName1 = Common
		SccAuxPath1 = http://218.108.93.246:8080/tfs/year2015
		SccLocalPath1 = Common
		SccProvider1 = {4CA58AB2-18FA-4F8D-95D4-32DDF27D184C}
		SccProjectUniqueName2 = BLL\\BLL.csproj
		SccProjectTopLevelParentUniqueName2 = NBZGM.PLE.sln
		SccProjectName2 = BLL
		SccAuxPath2 = http://218.108.93.246:8080/tfs/year2015
		SccLocalPath2 = BLL
		SccProvider2 = {4CA58AB2-18FA-4F8D-95D4-32DDF27D184C}
		SccProjectUniqueName3 = SendSMS\\SendSMS.csproj
		SccProjectTopLevelParentUniqueName3 = NBZGM.PLE.sln
		SccProjectName3 = SendSMS
		SccAuxPath3 = http://218.108.93.246:8080/tfs/year2015
		SccLocalPath3 = SendSMS
		SccProvider3 = {4CA58AB2-18FA-4F8D-95D4-32DDF27D184C}
		SccProjectUniqueName4 = Workflow\\WorkflowLib.csproj
		SccProjectTopLevelParentUniqueName4 = NBZGM.PLE.sln
		SccProjectName4 = Workflow
		SccAuxPath4 = http://218.108.93.246:8080/tfs/year2015
		SccLocalPath4 = Workflow
		SccProvider4 = {4CA58AB2-18FA-4F8D-95D4-32DDF27D184C}
		SccProjectUniqueName5 = Web\\Web.csproj
		SccProjectName5 = Web
		SccAuxPath5 = http://218.108.93.246:8080/tfs/year2015
		SccLocalPath5 = Web
		SccProvider5 = {4CA58AB2-18FA-4F8D-95D4-32DDF27D184C}
		SccProjectUniqueName6 = MapCom\\MapCom.csproj
		SccProjectTopLevelParentUniqueName6 = NBZGM.PLE.sln
		SccProjectName6 = MapCom
		SccAuxPath6 = http://218.108.93.246:8080/tfs/year2015
		SccLocalPath6 = MapCom
		SccProvider6 = {4CA58AB2-18FA-4F8D-95D4-32DDF27D184C}
		SccProjectUniqueName7 = WebService\\WebService.csproj
		SccProjectTopLevelParentUniqueName7 = NBZGM.PLE.sln
		SccProjectName7 = WebService
		SccAuxPath7 = http://218.108.93.246:8080/tfs/year2015
		SccLocalPath7 = WebService
		SccProvider7 = {4CA58AB2-18FA-4F8D-95D4-32DDF27D184C}
	EndGlobalSection
	GlobalSection(SolutionConfigurationPlatforms) = preSolution
		Debug|Any CPU = Debug|Any CPU
		Release|Any CPU = Release|Any CPU
	EndGlobalSection
	GlobalSection(ProjectConfigurationPlatforms) = postSolution
		{5F45E8A3-8885-4FF3-9F5E-96CE45DD291F}.Debug|Any CPU.ActiveCfg = Debug|Any CPU
		{5F45E8A3-8885-4FF3-9F5E-96CE45DD291F}.Debug|Any CPU.Build.0 = Debug|Any CPU
		{5F45E8A3-8885-4FF3-9F5E-96CE45DD291F}.Release|Any CPU.ActiveCfg = Release|Any CPU
		{5F45E8A3-8885-4FF3-9F5E-96CE45DD291F}.Release|Any CPU.Build.0 = Release|Any CPU
		{827931F3-5A55-4179-8A3E-A5C05A6F8C8A}.Debug|Any CPU.ActiveCfg = Debug|Any CPU
		{827931F3-5A55-4179-8A3E-A5C05A6F8C8A}.Debug|Any CPU.Build.0 = Debug|Any CPU
		{827931F3-5A55-4179-8A3E-A5C05A6F8C8A}.Release|Any CPU.ActiveCfg = Release|Any CPU
		{827931F3-5A55-4179-8A3E-A5C05A6F8C8A}.Release|Any CPU.Build.0 = Release|Any CPU
		{99294BED-FA03-4680-952A-7868CC107BA1}.Debug|Any CPU.ActiveCfg = Debug|Any CPU
		{99294BED-FA03-4680-952A-7868CC107BA1}.Debug|Any CPU.Build.0 = Debug|Any CPU
		{99294BED-FA03-4680-952A-7868CC107BA1}.Release|Any CPU.ActiveCfg = Release|Any CPU
		{99294BED-FA03-4680-952A-7868CC107BA1}.Release|Any CPU.Build.0 = Release|Any CPU
		{F5BADC5D-B81C-4D95-8C9A-486BBC9FE446}.Debug|Any CPU.ActiveCfg = Debug|Any CPU
		{F5BADC5D-B81C-4D95-8C9A-486BBC9FE446}.Debug|Any CPU.Build.0 = Debug|Any CPU
		{F5BADC5D-B81C-4D95-8C9A-486BBC9FE446}.Release|Any CPU.ActiveCfg = Release|Any CPU
		{F5BADC5D-B81C-4D95-8C9A-486BBC9FE446}.Release|Any CPU.Build.0 = Release|Any CPU
		{8FB0F270-8700-4DE0-9446-09320E99A156}.Debug|Any CPU.ActiveCfg = Debug|Any CPU
		{8FB0F270-8700-4DE0-9446-09320E99A156}.Debug|Any CPU.Build.0 = Debug|Any CPU
		{8FB0F270-8700-4DE0-9446-09320E99A156}.Release|Any CPU.ActiveCfg = Release|Any CPU
		{8FB0F270-8700-4DE0-9446-09320E99A156}.Release|Any CPU.Build.0 = Release|Any CPU
		{D54DB37E-FB98-4FC1-BC76-14BD83FC6F7C}.Debug|Any CPU.ActiveCfg = Debug|Any CPU
		{D54DB37E-FB98-4FC1-BC76-14BD83FC6F7C}.Debug|Any CPU.Build.0 = Debug|Any CPU
		{D54DB37E-FB98-4FC1-BC76-14BD83FC6F7C}.Release|Any CPU.ActiveCfg = Release|Any CPU
		{D54DB37E-FB98-4FC1-BC76-14BD83FC6F7C}.Release|Any CPU.Build.0 = Release|Any CPU
		{B3166275-2FA2-40BF-BA39-7987FF6C0A79}.Debug|Any CPU.ActiveCfg = Debug|Any CPU
		{B3166275-2FA2-40BF-BA39-7987FF6C0A79}.Debug|Any CPU.Build.0 = Debug|Any CPU
		{B3166275-2FA2-40BF-BA39-7987FF6C0A79}.Release|Any CPU.ActiveCfg = Release|Any CPU
		{B3166275-2FA2-40BF-BA39-7987FF6C0A79}.Release|Any CPU.Build.0 = Release|Any CPU
		{9DB77984-864B-4D8B-8449-63D19800BFFC}.Debug|Any CPU.ActiveCfg = Debug|Any CPU
		{9DB77984-864B-4D8B-8449-63D19800BFFC}.Debug|Any CPU.Build.0 = Debug|Any CPU
		{9DB77984-864B-4D8B-8449-63D19800BFFC}.Release|Any CPU.ActiveCfg = Release|Any CPU
		{9DB77984-864B-4D8B-8449-63D19800BFFC}.Release|Any CPU.Build.0 = Release|Any CPU
		{898BD8FB-33FB-4620-8A05-52A52AF92025}.Debug|Any CPU.ActiveCfg = Debug|Any CPU
		{898BD8FB-33FB-4620-8A05-52A52AF92025}.Debug|Any CPU.Build.0 = Debug|Any CPU
		{898BD8FB-33FB-4620-8A05-52A52AF92025}.Release|Any CPU.ActiveCfg = Release|Any CPU
		{898BD8FB-33FB-4620-8A05-52A52AF92025}.Release|Any CPU.Build.0 = Release|Any CPU
	EndGlobalSection
	GlobalSection(SolutionProperties) = preSolution
		HideSolutionNode = FALSE
	EndGlobalSection
	GlobalSection(NestedProjects) = preSolution
		{827931F3-5A55-4179-8A3E-A5C05A6F8C8A} = {0CF15589-0DDD-456F-BF67-29159988A40B}
		{99294BED-FA03-4680-952A-7868CC107BA1} = {0CF15589-0DDD-456F-BF67-29159988A40B}
		{8FB0F270-8700-4DE0-9446-09320E99A156} = {0CF15589-0DDD-456F-BF67-29159988A40B}
		{9DB77984-864B-4D8B-8449-63D19800BFFC} = {0CF15589-0DDD-456F-BF67-29159988A40B}
		{F5BADC5D-B81C-4D95-8C9A-486BBC9FE446} = {D7288134-5EBC-415D-9C98-B23B7E79CBB2}
		{D54DB37E-FB98-4FC1-BC76-14BD83FC6F7C} = {D7288134-5EBC-415D-9C98-B23B7E79CBB2}
		{B3166275-2FA2-40BF-BA39-7987FF6C0A79} = {D7288134-5EBC-415D-9C98-B23B7E79CBB2}
	EndGlobalSection
EndGlobal
