
Microsoft Visual Studio Solution File, Format Version 12.00
# Visual Studio 2012
Project("{FAE04EC0-301F-11D3-BF4B-00C04F79EFBC}") = "HZW.Reception.Web", "HZW.Reception.Web\HZW.Reception.Web.csproj", "{AFAFA695-6A53-48C3-B0B9-EDB4CB027F76}"
EndProject
Global
	GlobalSection(TeamFoundationVersionControl) = preSolution
		SccNumberOfProjects = 2
		SccEnterpriseProvider = {4CA58AB2-18FA-4F8D-95D4-32DDF27D184C}
		SccTeamFoundationServer = http://218.108.93.243:8080/tfs/year2016
		SccLocalPath0 = .
		SccProjectUniqueName1 = HZW.Reception.Web\\HZW.Reception.Web.csproj
		SccProjectName1 = HZW.Reception.Web
		SccLocalPath1 = HZW.Reception.Web
	EndGlobalSection
	GlobalSection(SolutionConfigurationPlatforms) = preSolution
		Debug|Any CPU = Debug|Any CPU
		Release|Any CPU = Release|Any CPU
	EndGlobalSection
	GlobalSection(ProjectConfigurationPlatforms) = postSolution
		{AFAFA695-6A53-48C3-B0B9-EDB4CB027F76}.Debug|Any CPU.ActiveCfg = Debug|Any CPU
		{AFAFA695-6A53-48C3-B0B9-EDB4CB027F76}.Debug|Any CPU.Build.0 = Debug|Any CPU
		{AFAFA695-6A53-48C3-B0B9-EDB4CB027F76}.Release|Any CPU.ActiveCfg = Release|Any CPU
		{AFAFA695-6A53-48C3-B0B9-EDB4CB027F76}.Release|Any CPU.Build.0 = Release|Any CPU
	EndGlobalSection
	GlobalSection(SolutionProperties) = preSolution
		HideSolutionNode = FALSE
	EndGlobalSection
EndGlobal
