
Microsoft Visual Studio Solution File, Format Version 12.00
# Visual Studio 2012
Project("{FAE04EC0-301F-11D3-BF4B-00C04F79EFBC}") = "NBZGM.XTBG", "NBZGM.XTBG\NBZGM.XTBG.csproj", "{6DFE0BC4-1362-4474-A428-1134CCA4B83B}"
EndProject
Global
	GlobalSection(TeamFoundationVersionControl) = preSolution
		SccNumberOfProjects = 2
		SccEnterpriseProvider = {4CA58AB2-18FA-4F8D-95D4-32DDF27D184C}
		SccTeamFoundationServer = http://218.108.93.246:8080/tfs/year2015
		SccLocalPath0 = .
		SccProjectUniqueName1 = NBZGM.XTBG\\NBZGM.XTBG.csproj
		SccProjectName1 = NBZGM.XTBG
		SccLocalPath1 = NBZGM.XTBG
	EndGlobalSection
	GlobalSection(SolutionConfigurationPlatforms) = preSolution
		Debug|Any CPU = Debug|Any CPU
		Release|Any CPU = Release|Any CPU
	EndGlobalSection
	GlobalSection(ProjectConfigurationPlatforms) = postSolution
		{6DFE0BC4-1362-4474-A428-1134CCA4B83B}.Debug|Any CPU.ActiveCfg = Debug|Any CPU
		{6DFE0BC4-1362-4474-A428-1134CCA4B83B}.Debug|Any CPU.Build.0 = Debug|Any CPU
		{6DFE0BC4-1362-4474-A428-1134CCA4B83B}.Release|Any CPU.ActiveCfg = Release|Any CPU
		{6DFE0BC4-1362-4474-A428-1134CCA4B83B}.Release|Any CPU.Build.0 = Release|Any CPU
	EndGlobalSection
	GlobalSection(SolutionProperties) = preSolution
		HideSolutionNode = FALSE
	EndGlobalSection
EndGlobal
